Microsoft Visual Studio Solution File, Format Version 12.00
# Visual Studio Version 17
VisualStudioVersion = 17.5.2.0
MinimumVisualStudioVersion = 10.0.40219.1
Project("{FAE04EC0-301F-11D3-BF4B-00C04F79EFBC}") = "E_Gostinc", "E_Gostinc.csproj", "{71B4D67F-9B85-D666-B91F-5D322C01C226}"
EndProject
Global
	GlobalSection(SolutionConfigurationPlatforms) = preSolution
		Debug|Any CPU = Debug|Any CPU
		Release|Any CPU = Release|Any CPU
	EndGlobalSection
	GlobalSection(ProjectConfigurationPlatforms) = postSolution
		{71B4D67F-9B85-D666-B91F-5D322C01C226}.Debug|Any CPU.ActiveCfg = Debug|Any CPU
		{71B4D67F-9B85-D666-B91F-5D322C01C226}.Debug|Any CPU.Build.0 = Debug|Any CPU
		{71B4D67F-9B85-D666-B91F-5D322C01C226}.Release|Any CPU.ActiveCfg = Release|Any CPU
		{71B4D67F-9B85-D666-B91F-5D322C01C226}.Release|Any CPU.Build.0 = Release|Any CPU
	EndGlobalSection
	GlobalSection(SolutionProperties) = preSolution
		HideSolutionNode = FALSE
	EndGlobalSection
	GlobalSection(ExtensibilityGlobals) = postSolution
		SolutionGuid = {2899324B-909D-4713-9DBC-4C517AB05A91}
	EndGlobalSection
EndGlobal
